PODS:
  - Alamofire (4.8.2)
  - Wildlink (1.0.0):
    - Alamofire (~> 4.8.2)

DEPENDENCIES:
  - Wildlink (from `../`)

SPEC REPOS:
  https://github.com/cocoapods/specs.git:
    - Alamofire

EXTERNAL SOURCES:
  Wildlink:
    :path: "../"

SPEC CHECKSUMS:
  Alamofire: ae5c501addb7afdbb13687d7f2f722c78734c2d3
  Wildlink: 82b84d36fa1efc286839efae2cd05893ed17301a

PODFILE CHECKSUM: 5de8b40a085d56cf870a15a5365ce9d971d11792

COCOAPODS: 1.7.2
